
Microsoft Visual Studio Solution File, Format Version 12.00
# Visual Studio Version 17
VisualStudioVersion = 17.14.36623.8 d17.14
MinimumVisualStudioVersion = 10.0.40219.1
Project("{FAE04EC0-301F-11D3-BF4B-00C04F79EFBC}") = "FlashCards", "FlashCards\FlashCards.csproj", "{F89DABF1-3DD3-4F5B-A7BF-D5606A5DF260}"
EndProject
Global
	GlobalSection(SolutionConfigurationPlatforms) = preSolution
		Debug|Any CPU = Debug|Any CPU
		Release|Any CPU = Release|Any CPU
	EndGlobalSection
	GlobalSection(ProjectConfigurationPlatforms) = postSolution
		{F89DABF1-3DD3-4F5B-A7BF-D5606A5DF260}.Debug|Any CPU.ActiveCfg = Debug|Any CPU
		{F89DABF1-3DD3-4F5B-A7BF-D5606A5DF260}.Debug|Any CPU.Build.0 = Debug|Any CPU
		{F89DABF1-3DD3-4F5B-A7BF-D5606A5DF260}.Release|Any CPU.ActiveCfg = Release|Any CPU
		{F89DABF1-3DD3-4F5B-A7BF-D5606A5DF260}.Release|Any CPU.Build.0 = Release|Any CPU
	EndGlobalSection
	GlobalSection(SolutionProperties) = preSolution
		HideSolutionNode = FALSE
	EndGlobalSection
	GlobalSection(ExtensibilityGlobals) = postSolution
		SolutionGuid = {72405803-52D8-4486-B38B-EB534D28A0F0}
	EndGlobalSection
EndGlobal
